// !$*UTF8*$!
{
	archiveVersion = 1;
	classes = {
	};
	objectVersion = 56;
	objects = {

/* Begin PBXBuildFile section */
		AA4E10E1163A9B46AA657D93 /* libPods-XGenOutputUsageDemo_iOS.a in Frameworks */ = {isa = PBXBuildFile; fileRef = FA640D33B497DC924AEE9D87 /* libPods-XGenOutputUsageDemo_iOS.a */; };
		CB2063992962F31000F28908 /* HomeViewController.swift in Sources */ = {isa = PBXBuildFile; fileRef = CB2063972962F31000F28908 /* HomeViewController.swift */; };
		CB20639A2962F31000F28908 /* HomeViewController.xib in Resources */ = {isa = PBXBuildFile; fileRef = CB2063982962F31000F28908 /* HomeViewController.xib */; };
		CB4127612962EA6E002057C2 /* AppDelegate.swift in Sources */ = {isa = PBXBuildFile; fileRef = CB4127602962EA6E002057C2 /* AppDelegate.swift */; };
		CB41276A2962EA6E002057C2 /* Assets.xcassets in Resources */ = {isa = PBXBuildFile; fileRef = CB4127692962EA6E002057C2 /* Assets.xcassets */; };
		CB41276D2962EA6E002057C2 /* LaunchScreen.storyboard in Resources */ = {isa = PBXBuildFile; fileRef = CB41276B2962EA6E002057C2 /* LaunchScreen.storyboard */; };
		CBC843DE29876C4D006F91B8 /* efficientnet_b0_ra_3dd342df.fallback in Resources */ = {isa = PBXBuildFile; fileRef = CBC843DD29876C4D006F91B8 /* efficientnet_b0_ra_3dd342df.fallback */; };
		CBC843E22987ABCB006F91B8 /* RGBAImage.swift in Sources */ = {isa = PBXBuildFile; fileRef = CBC843E12987ABCB006F91B8 /* RGBAImage.swift */; };
		CBEEECE9296EA85F008DD6B4 /* imagenet_labels_1000.json in Resources */ = {isa = PBXBuildFile; fileRef = CBEEECE8296EA85E008DD6B4 /* imagenet_labels_1000.json */; };
		CBEEECEC296EA8BE008DD6B4 /* XGenEngine.swift in Sources */ = {isa = PBXBuildFile; fileRef = CBEEECEB296EA8BE008DD6B4 /* XGenEngine.swift */; };
/* End PBXBuildFile section */

/* Begin PBXFileReference section */
		07A2527EC23ED97F6757CEC2 /* Pods-XGenOutputUsageDemo_iOS.debug.xcconfig */ = {isa = PBXFileReference; includeInIndex = 1; lastKnownFileType = text.xcconfig; name = "Pods-XGenOutputUsageDemo_iOS.debug.xcconfig"; path = "Target Support Files/Pods-XGenOutputUsageDemo_iOS/Pods-XGenOutputUsageDemo_iOS.debug.xcconfig"; sourceTree = "<group>"; };
		45F4E4FAADDB6BBDDB2B57CB /* Pods-XGenOutputUsageDemo_iOS.release.xcconfig */ = {isa = PBXFileReference; includeInIndex = 1; lastKnownFileType = text.xcconfig; name = "Pods-XGenOutputUsageDemo_iOS.release.xcconfig"; path = "Target Support Files/Pods-XGenOutputUsageDemo_iOS/Pods-XGenOutputUsageDemo_iOS.release.xcconfig"; sourceTree = "<group>"; };
		CB2063972962F31000F28908 /* HomeViewController.swift */ = {isa = PBXFileReference; lastKnownFileType = sourcecode.swift; path = HomeViewController.swift; sourceTree = "<group>"; };
		CB2063982962F31000F28908 /* HomeViewController.xib */ = {isa = PBXFileReference; lastKnownFileType = file.xib; path = HomeViewController.xib; sourceTree = "<group>"; };
		CB41275D2962EA6E002057C2 /* XGenOutputUsageDemo_iOS.app */ = {isa = PBXFileReference; explicitFileType = wrapper.application; includeInIndex = 0; path = XGenOutputUsageDemo_iOS.app; sourceTree = BUILT_PRODUCTS_DIR; };
		CB4127602962EA6E002057C2 /* AppDelegate.swift */ = {isa = PBXFileReference; lastKnownFileType = sourcecode.swift; path = AppDelegate.swift; sourceTree = "<group>"; };
		CB4127692962EA6E002057C2 /* Assets.xcassets */ = {isa = PBXFileReference; lastKnownFileType = folder.assetcatalog; path = Assets.xcassets; sourceTree = "<group>"; };
		CB41276C2962EA6E002057C2 /* Base */ = {isa = PBXFileReference; lastKnownFileType = file.storyboard; name = Base; path = Base.lproj/LaunchScreen.storyboard; sourceTree = "<group>"; };
		CB41276E2962EA6E002057C2 /* Info.plist */ = {isa = PBXFileReference; lastKnownFileType = text.plist.xml; path = Info.plist; sourceTree = "<group>"; };
		CBC843DD29876C4D006F91B8 /* efficientnet_b0_ra_3dd342df.fallback */ = {isa = PBXFileReference; lastKnownFileType = file; path = efficientnet_b0_ra_3dd342df.fallback; sourceTree = "<group>"; };
		CBC843E12987ABCB006F91B8 /* RGBAImage.swift */ = {isa = PBXFileReference; lastKnownFileType = sourcecode.swift; path = RGBAImage.swift; sourceTree = "<group>"; };
		CBEEECE8296EA85E008DD6B4 /* imagenet_labels_1000.json */ = {isa = PBXFileReference; fileEncoding = 4; lastKnownFileType = text.json; path = imagenet_labels_1000.json; sourceTree = "<group>"; };
		CBEEECEB296EA8BE008DD6B4 /* XGenEngine.swift */ = {isa = PBXFileReference; lastKnownFileType = sourcecode.swift; path = XGenEngine.swift; sourceTree = "<group>"; };
		FA640D33B497DC924AEE9D87 /* libPods-XGenOutputUsageDemo_iOS.a */ = {isa = PBXFileReference; explicitFileType = archive.ar; includeInIndex = 0; path = "libPods-XGenOutputUsageDemo_iOS.a"; sourceTree = BUILT_PRODUCTS_DIR; };
/* End PBXFileReference section */

/* Begin PBXFrameworksBuildPhase section */
		CB41275A2962EA6E002057C2 /* Frameworks */ = {
			isa = PBXFrameworksBuildPhase;
			buildActionMask = 2147483647;
			files = (
				AA4E10E1163A9B46AA657D93 /* libPods-XGenOutputUsageDemo_iOS.a in Frameworks */,
			);
			runOnlyForDeploymentPostprocessing = 0;
		};
/* End PBXFrameworksBuildPhase section */

/* Begin PBXGroup section */
		AD916834A9A12544EABAD57E /* Frameworks */ = {
			isa = PBXGroup;
			children = (
				FA640D33B497DC924AEE9D87 /* libPods-XGenOutputUsageDemo_iOS.a */,
			);
			name = Frameworks;
			sourceTree = "<group>";
		};
		B6641D691197933ACF97EB1B /* Pods */ = {
			isa = PBXGroup;
			children = (
				07A2527EC23ED97F6757CEC2 /* Pods-XGenOutputUsageDemo_iOS.debug.xcconfig */,
				45F4E4FAADDB6BBDDB2B57CB /* Pods-XGenOutputUsageDemo_iOS.release.xcconfig */,
			);
			path = Pods;
			sourceTree = "<group>";
		};
		CB4127542962EA6D002057C2 = {
			isa = PBXGroup;
			children = (
				CB41275F2962EA6E002057C2 /* XGenOutputUsageDemo_iOS */,
				CB41275E2962EA6E002057C2 /* Products */,
				B6641D691197933ACF97EB1B /* Pods */,
				AD916834A9A12544EABAD57E /* Frameworks */,
			);
			sourceTree = "<group>";
		};
		CB41275E2962EA6E002057C2 /* Products */ = {
			isa = PBXGroup;
			children = (
				CB41275D2962EA6E002057C2 /* XGenOutputUsageDemo_iOS.app */,
			);
			name = Products;
			sourceTree = "<group>";
		};
		CB41275F2962EA6E002057C2 /* XGenOutputUsageDemo_iOS */ = {
			isa = PBXGroup;
			children = (
				CBEEECEA296EA86B008DD6B4 /* Resource */,
				CB4127602962EA6E002057C2 /* AppDelegate.swift */,
				CB2063972962F31000F28908 /* HomeViewController.swift */,
				CBC843E12987ABCB006F91B8 /* RGBAImage.swift */,
				CBEEECEB296EA8BE008DD6B4 /* XGenEngine.swift */,
				CB2063982962F31000F28908 /* HomeViewController.xib */,
				CB4127692962EA6E002057C2 /* Assets.xcassets */,
				CB41276B2962EA6E002057C2 /* LaunchScreen.storyboard */,
				CB41276E2962EA6E002057C2 /* Info.plist */,
			);
			path = XGenOutputUsageDemo_iOS;
			sourceTree = "<group>";
		};
		CBEEECEA296EA86B008DD6B4 /* Resource */ = {
			isa = PBXGroup;
			children = (
				CBEEECE8296EA85E008DD6B4 /* imagenet_labels_1000.json */,
				CBC843DD29876C4D006F91B8 /* efficientnet_b0_ra_3dd342df.fallback */,
			);
			path = Resource;
			sourceTree = "<group>";
		};
/* End PBXGroup section */

/* Begin PBXNativeTarget section */
		CB41275C2962EA6E002057C2 /* XGenOutputUsageDemo_iOS */ = {
			isa = PBXNativeTarget;
			buildConfigurationList = CB4127712962EA6E002057C2 /* Build configuration list for PBXNativeTarget "XGenOutputUsageDemo_iOS" */;
			buildPhases = (
				B09D5880B65CFEBB09BB76B2 /* [CP] Check Pods Manifest.lock */,
				CB4127592962EA6E002057C2 /* Sources */,
				CB41275A2962EA6E002057C2 /* Frameworks */,
				CB41275B2962EA6E002057C2 /* Resources */,
			);
			buildRules = (
			);
			dependencies = (
			);
			name = XGenOutputUsageDemo_iOS;
			productName = XGenOutputUsageDemo_iOS;
			productReference = CB41275D2962EA6E002057C2 /* XGenOutputUsageDemo_iOS.app */;
			productType = "com.apple.product-type.application";
		};
/* End PBXNativeTarget section */

/* Begin PBXProject section */
		CB4127552962EA6D002057C2 /* Project object */ = {
			isa = PBXProject;
			attributes = {
				BuildIndependentTargetsInParallel = 1;
				LastSwiftUpdateCheck = 1410;
				LastUpgradeCheck = 1410;
				TargetAttributes = {
					CB41275C2962EA6E002057C2 = {
						CreatedOnToolsVersion = 14.1;
					};
				};
			};
			buildConfigurationList = CB4127582962EA6D002057C2 /* Build configuration list for PBXProject "XGenOutputUsageDemo_iOS" */;
			compatibilityVersion = "Xcode 14.0";
			developmentRegion = en;
			hasScannedForEncodings = 0;
			knownRegions = (
				en,
				Base,
			);
			mainGroup = CB4127542962EA6D002057C2;
			productRefGroup = CB41275E2962EA6E002057C2 /* Products */;
			projectDirPath = "";
			projectRoot = "";
			targets = (
				CB41275C2962EA6E002057C2 /* XGenOutputUsageDemo_iOS */,
			);
		};
/* End PBXProject section */

/* Begin PBXResourcesBuildPhase section */
		CB41275B2962EA6E002057C2 /* Resources */ = {
			isa = PBXResourcesBuildPhase;
			buildActionMask = 2147483647;
			files = (
				CB41276D2962EA6E002057C2 /* LaunchScreen.storyboard in Resources */,
				CB41276A2962EA6E002057C2 /* Assets.xcassets in Resources */,
				CBC843DE29876C4D006F91B8 /* efficientnet_b0_ra_3dd342df.fallback in Resources */,
				CB20639A2962F31000F28908 /* HomeViewController.xib in Resources */,
				CBEEECE9296EA85F008DD6B4 /* imagenet_labels_1000.json in Resources */,
			);
			runOnlyForDeploymentPostprocessing = 0;
		};
/* End PBXResourcesBuildPhase section */

/* Begin PBXShellScriptBuildPhase section */
		B09D5880B65CFEBB09BB76B2 /* [CP] Check Pods Manifest.lock */ = {
			isa = PBXShellScriptBuildPhase;
			buildActionMask = 2147483647;
			files = (
			);
			inputFileListPaths = (
			);
			inputPaths = (
				"${PODS_PODFILE_DIR_PATH}/Podfile.lock",
				"${PODS_ROOT}/Manifest.lock",
			);
			name = "[CP] Check Pods Manifest.lock";
			outputFileListPaths = (
			);
			outputPaths = (
				"$(DERIVED_FILE_DIR)/Pods-XGenOutputUsageDemo_iOS-checkManifestLockResult.txt",
			);
			runOnlyForDeploymentPostprocessing = 0;
			shellPath = /bin/sh;
			shellScript = "diff \"${PODS_PODFILE_DIR_PATH}/Podfile.lock\" \"${PODS_ROOT}/Manifest.lock\" > /dev/null\nif [ $? != 0 ] ; then\n    # print error to STDERR\n    echo \"error: The sandbox is not in sync with the Podfile.lock. Run 'pod install' or update your CocoaPods installation.\" >&2\n    exit 1\nfi\n# This output is used by Xcode 'outputs' to avoid re-running this script phase.\necho \"SUCCESS\" > \"${SCRIPT_OUTPUT_FILE_0}\"\n";
			showEnvVarsInLog = 0;
		};
/* End PBXShellScriptBuildPhase section */

/* Begin PBXSourcesBuildPhase section */
		CB4127592962EA6E002057C2 /* Sources */ = {
			isa = PBXSourcesBuildPhase;
			buildActionMask = 2147483647;
			files = (
				CB4127612962EA6E002057C2 /* AppDelegate.swift in Sources */,
				CBC843E22987ABCB006F91B8 /* RGBAImage.swift in Sources */,
				CB2063992962F31000F28908 /* HomeViewController.swift in Sources */,
				CBEEECEC296EA8BE008DD6B4 /* XGenEngine.swift in Sources */,
			);
			runOnlyForDeploymentPostprocessing = 0;
		};
/* End PBXSourcesBuildPhase section */

/* Begin PBXVariantGroup section */
		CB41276B2962EA6E002057C2 /* LaunchScreen.storyboard */ = {
			isa = PBXVariantGroup;
			children = (
				CB41276C2962EA6E002057C2 /* Base */,
			);
			name = LaunchScreen.storyboard;
			sourceTree = "<group>";
		};
/* End PBXVariantGroup section */

/* Begin XCBuildConfiguration section */
		CB41276F2962EA6E002057C2 /* Debug */ = {
			isa = XCBuildConfiguration;
			buildSettings = {
				ALWAYS_SEARCH_USER_PATHS = NO;
				CLANG_ANALYZER_NONNULL = YES;
				CLANG_ANALYZER_NUMBER_OBJECT_CONVERSION = YES_AGGRESSIVE;
				CLANG_CXX_LANGUAGE_STANDARD = "gnu++20";
				CLANG_ENABLE_MODULES = YES;
				CLANG_ENABLE_OBJC_ARC = YES;
				CLANG_ENABLE_OBJC_WEAK = YES;
				CLANG_WARN_BLOCK_CAPTURE_AUTORELEASING = YES;
				CLANG_WARN_BOOL_CONVERSION = YES;
				CLANG_WARN_COMMA = YES;
				CLANG_WARN_CONSTANT_CONVERSION = YES;
				CLANG_WARN_DEPRECATED_OBJC_IMPLEMENTATIONS = YES;
				CLANG_WARN_DIRECT_OBJC_ISA_USAGE = YES_ERROR;
				CLANG_WARN_DOCUMENTATION_COMMENTS = YES;
				CLANG_WARN_EMPTY_BODY = YES;
				CLANG_WARN_ENUM_CONVERSION = YES;
				CLANG_WARN_INFINITE_RECURSION = YES;
				CLANG_WARN_INT_CONVERSION = YES;
				CLANG_WARN_NON_LITERAL_NULL_CONVERSION = YES;
				CLANG_WARN_OBJC_IMPLICIT_RETAIN_SELF = YES;
				CLANG_WARN_OBJC_LITERAL_CONVERSION = YES;
				CLANG_WARN_OBJC_ROOT_CLASS = YES_ERROR;
				CLANG_WARN_QUOTED_INCLUDE_IN_FRAMEWORK_HEADER = YES;
				CLANG_WARN_RANGE_LOOP_ANALYSIS = YES;
				CLANG_WARN_STRICT_PROTOTYPES = YES;
				CLANG_WARN_SUSPICIOUS_MOVE = YES;
				CLANG_WARN_UNGUARDED_AVAILABILITY = YES_AGGRESSIVE;
				CLANG_WARN_UNREACHABLE_CODE = YES;
				CLANG_WARN__DUPLICATE_METHOD_MATCH = YES;
				COPY_PHASE_STRIP = NO;
				DEBUG_INFORMATION_FORMAT = dwarf;
				ENABLE_STRICT_OBJC_MSGSEND = YES;
				ENABLE_TESTABILITY = YES;
				GCC_C_LANGUAGE_STANDARD = gnu11;
				GCC_DYNAMIC_NO_PIC = NO;
				GCC_NO_COMMON_BLOCKS = YES;
				GCC_OPTIMIZATION_LEVEL = 0;
				GCC_PREPROCESSOR_DEFINITIONS = (
					"DEBUG=1",
					"$(inherited)",
				);
				GCC_WARN_64_TO_32_BIT_CONVERSION = YES;
				GCC_WARN_ABOUT_RETURN_TYPE = YES_ERROR;
				GCC_WARN_UNDECLARED_SELECTOR = YES;
				GCC_WARN_UNINITIALIZED_AUTOS = YES_AGGRESSIVE;
				GCC_WARN_UNUSED_FUNCTION = YES;
				GCC_WARN_UNUSED_VARIABLE = YES;
				IPHONEOS_DEPLOYMENT_TARGET = 16.1;
				MTL_ENABLE_DEBUG_INFO = INCLUDE_SOURCE;
				MTL_FAST_MATH = YES;
				ONLY_ACTIVE_ARCH = YES;
				SDKROOT = iphoneos;
				SWIFT_ACTIVE_COMPILATION_CONDITIONS = DEBUG;
				SWIFT_OPTIMIZATION_LEVEL = "-Onone";
			};
			name = Debug;
		};
		CB4127702962EA6E002057C2 /* Release */ = {
			isa = XCBuildConfiguration;
			buildSettings = {
				ALWAYS_SEARCH_USER_PATHS = NO;
				CLANG_ANALYZER_NONNULL = YES;
				CLANG_ANALYZER_NUMBER_OBJECT_CONVERSION = YES_AGGRESSIVE;
				CLANG_CXX_LANGUAGE_STANDARD = "gnu++20";
				CLANG_ENABLE_MODULES = YES;
				CLANG_ENABLE_OBJC_ARC = YES;
				CLANG_ENABLE_OBJC_WEAK = YES;
				CLANG_WARN_BLOCK_CAPTURE_AUTORELEASING = YES;
				CLANG_WARN_BOOL_CONVERSION = YES;
				CLANG_WARN_COMMA = YES;
				CLANG_WARN_CONSTANT_CONVERSION = YES;
				CLANG_WARN_DEPRECATED_OBJC_IMPLEMENTATIONS = YES;
				CLANG_WARN_DIRECT_OBJC_ISA_USAGE = YES_ERROR;
				CLANG_WARN_DOCUMENTATION_COMMENTS = YES;
				CLANG_WARN_EMPTY_BODY = YES;
				CLANG_WARN_ENUM_CONVERSION = YES;
				CLANG_WARN_INFINITE_RECURSION = YES;
				CLANG_WARN_INT_CONVERSION = YES;
				CLANG_WARN_NON_LITERAL_NULL_CONVERSION = YES;
				CLANG_WARN_OBJC_IMPLICIT_RETAIN_SELF = YES;
				CLANG_WARN_OBJC_LITERAL_CONVERSION = YES;
				CLANG_WARN_OBJC_ROOT_CLASS = YES_ERROR;
				CLANG_WARN_QUOTED_INCLUDE_IN_FRAMEWORK_HEADER = YES;
				CLANG_WARN_RANGE_LOOP_ANALYSIS = YES;
				CLANG_WARN_STRICT_PROTOTYPES = YES;
				CLANG_WARN_SUSPICIOUS_MOVE = YES;
				CLANG_WARN_UNGUARDED_AVAILABILITY = YES_AGGRESSIVE;
				CLANG_WARN_UNREACHABLE_CODE = YES;
				CLANG_WARN__DUPLICATE_METHOD_MATCH = YES;
				COPY_PHASE_STRIP = NO;
				DEBUG_INFORMATION_FORMAT = "dwarf-with-dsym";
				ENABLE_NS_ASSERTIONS = NO;
				ENABLE_STRICT_OBJC_MSGSEND = YES;
				GCC_C_LANGUAGE_STANDARD = gnu11;
				GCC_NO_COMMON_BLOCKS = YES;
				GCC_WARN_64_TO_32_BIT_CONVERSION = YES;
				GCC_WARN_ABOUT_RETURN_TYPE = YES_ERROR;
				GCC_WARN_UNDECLARED_SELECTOR = YES;
				GCC_WARN_UNINITIALIZED_AUTOS = YES_AGGRESSIVE;
				GCC_WARN_UNUSED_FUNCTION = YES;
				GCC_WARN_UNUSED_VARIABLE = YES;
				IPHONEOS_DEPLOYMENT_TARGET = 16.1;
				MTL_ENABLE_DEBUG_INFO = NO;
				MTL_FAST_MATH = YES;
				SDKROOT = iphoneos;
				SWIFT_COMPILATION_MODE = wholemodule;
				SWIFT_OPTIMIZATION_LEVEL = "-O";
				VALIDATE_PRODUCT = YES;
			};
			name = Release;
		};
		CB4127722962EA6E002057C2 /* Debug */ = {
			isa = XCBuildConfiguration;
			baseConfigurationReference = 07A2527EC23ED97F6757CEC2 /* Pods-XGenOutputUsageDemo_iOS.debug.xcconfig */;
			buildSettings = {
				ASSETCATALOG_COMPILER_APPICON_NAME = AppIcon;
				ASSETCATALOG_COMPILER_GLOBAL_ACCENT_COLOR_NAME = AccentColor;
				"CODE_SIGN_IDENTITY[sdk=iphoneos*]" = "iPhone Developer";
				CODE_SIGN_STYLE = Manual;
				CURRENT_PROJECT_VERSION = 1;
				DEVELOPMENT_TEAM = "";
				"DEVELOPMENT_TEAM[sdk=iphoneos*]" = 998V4UKV5W;
				GENERATE_INFOPLIST_FILE = YES;
				INFOPLIST_FILE = XGenOutputUsageDemo_iOS/Info.plist;
				INFOPLIST_KEY_NSPhotoLibraryUsageDescription = "Need choose photo to classify";
				INFOPLIST_KEY_UIApplicationSupportsIndirectInputEvents = YES;
				INFOPLIST_KEY_UILaunchStoryboardName = LaunchScreen;
				INFOPLIST_KEY_UIMainStoryboardFile = "";
				INFOPLIST_KEY_UISupportedInterfaceOrientations = UIInterfaceOrientationPortrait;
				INFOPLIST_KEY_UISupportedInterfaceOrientations_iPad = "UIInterfaceOrientationLandscapeLeft UIInterfaceOrientationLandscapeRight UIInterfaceOrientationPortrait UIInterfaceOrientationPortraitUpsideDown";
				IPHONEOS_DEPLOYMENT_TARGET = 11.0;
				LD_RUNPATH_SEARCH_PATHS = (
					"$(inherited)",
					"@executable_path/Frameworks",
				);
				MARKETING_VERSION = 1.0;
				PRODUCT_BUNDLE_IDENTIFIER = ai.cocopie.cocoaplayer;
				PRODUCT_NAME = "$(TARGET_NAME)";
				PROVISIONING_PROFILE_SPECIFIER = "";
				"PROVISIONING_PROFILE_SPECIFIER[sdk=iphoneos*]" = Cocoplayer_dev;
				SUPPORTED_PLATFORMS = "iphoneos iphonesimulator";
				SUPPORTS_MACCATALYST = NO;
				SUPPORTS_MAC_DESIGNED_FOR_IPHONE_IPAD = NO;
				SWIFT_EMIT_LOC_STRINGS = YES;
				SWIFT_VERSION = 5.0;
				TARGETED_DEVICE_FAMILY = 1;
			};
			name = Debug;
		};
		CB4127732962EA6E002057C2 /* Release */ = {
			isa = XCBuildConfiguration;
			baseConfigurationReference = 45F4E4FAADDB6BBDDB2B57CB /* Pods-XGenOutputUsageDemo_iOS.release.xcconfig */;
			buildSettings = {
				ASSETCATALOG_COMPILER_APPICON_NAME = AppIcon;
				ASSETCATALOG_COMPILER_GLOBAL_ACCENT_COLOR_NAME = AccentColor;
				"CODE_SIGN_IDENTITY[sdk=iphoneos*]" = "iPhone Developer";
				CODE_SIGN_STYLE = Manual;
				CURRENT_PROJECT_VERSION = 1;
				DEVELOPMENT_TEAM = "";
				"DEVELOPMENT_TEAM[sdk=iphoneos*]" = 998V4UKV5W;
				GENERATE_INFOPLIST_FILE = YES;
				INFOPLIST_FILE = XGenOutputUsageDemo_iOS/Info.plist;
				INFOPLIST_KEY_NSPhotoLibraryUsageDescription = "Need choose photo to classify";
				INFOPLIST_KEY_UIApplicationSupportsIndirectInputEvents = YES;
				INFOPLIST_KEY_UILaunchStoryboardName = LaunchScreen;
				INFOPLIST_KEY_UIMainStoryboardFile = "";
				INFOPLIST_KEY_UISupportedInterfaceOrientations = UIInterfaceOrientationPortrait;
				INFOPLIST_KEY_UISupportedInterfaceOrientations_iPad = "UIInterfaceOrientationLandscapeLeft UIInterfaceOrientationLandscapeRight UIInterfaceOrientationPortrait UIInterfaceOrientationPortraitUpsideDown";
				IPHONEOS_DEPLOYMENT_TARGET = 11.0;
				LD_RUNPATH_SEARCH_PATHS = (
					"$(inherited)",
					"@executable_path/Frameworks",
				);
				MARKETING_VERSION = 1.0;
				PRODUCT_BUNDLE_IDENTIFIER = ai.cocopie.cocoaplayer;
				PRODUCT_NAME = "$(TARGET_NAME)";
				PROVISIONING_PROFILE_SPECIFIER = "";
				"PROVISIONING_PROFILE_SPECIFIER[sdk=iphoneos*]" = Cocoplayer_dev;
				SUPPORTED_PLATFORMS = "iphoneos iphonesimulator";
				SUPPORTS_MACCATALYST = NO;
				SUPPORTS_MAC_DESIGNED_FOR_IPHONE_IPAD = NO;
				SWIFT_EMIT_LOC_STRINGS = YES;
				SWIFT_VERSION = 5.0;
				TARGETED_DEVICE_FAMILY = 1;
			};
			name = Release;
		};
/* End XCBuildConfiguration section */

/* Begin XCConfigurationList section */
		CB4127582962EA6D002057C2 /* Build configuration list for PBXProject "XGenOutputUsageDemo_iOS" */ = {
			isa = XCConfigurationList;
			buildConfigurations = (
				CB41276F2962EA6E002057C2 /* Debug */,
				CB4127702962EA6E002057C2 /* Release */,
			);
			defaultConfigurationIsVisible = 0;
			defaultConfigurationName = Release;
		};
		CB4127712962EA6E002057C2 /* Build configuration list for PBXNativeTarget "XGenOutputUsageDemo_iOS" */ = {
			isa = XCConfigurationList;
			buildConfigurations = (
				CB4127722962EA6E002057C2 /* Debug */,
				CB4127732962EA6E002057C2 /* Release */,
			);
			defaultConfigurationIsVisible = 0;
			defaultConfigurationName = Release;
		};
/* End XCConfigurationList section */
	};
	rootObject = CB4127552962EA6D002057C2 /* Project object */;
}
